{
    "name": "objy-connect",
    "version": "0.0.66",
    "lockfileVersion": 3,
    "requires": true,
    "packages": {
        "": {
            "name": "objy-connect",
            "version": "0.0.66",
            "license": "ISC",
            "dependencies": {
                "dexie": "^4.0.11",
                "node-fetch": "^2.7.0",
                "node-localstorage": "^2.2.1",
                "sessionstorage": "^0.1.0"
            },
            "devDependencies": {
                "objy": "^0.7.226"
            }
        },
        "node_modules/dexie": {
            "version": "4.0.11",
            "resolved": "https://registry.npmjs.org/dexie/-/dexie-4.0.11.tgz",
            "integrity": "sha512-SOKO002EqlvBYYKQSew3iymBoN2EQ4BDw/3yprjh7kAfFzjBYkaMNa/pZvcA7HSWlcKSQb9XhPe3wKyQ0x4A8A=="
        },
        "node_modules/graceful-fs": {
            "version": "4.2.10",
            "resolved": "https://registry.npmjs.org/graceful-fs/-/graceful-fs-4.2.10.tgz",
            "integrity": "sha512-9ByhssR2fPVsNZj478qUUbKfmL0+t5BDVyjShtyZZLiK7ZDAArFFfopyOTj0M05wE2tJPisA4iTnnXl2YoPvOA=="
        },
        "node_modules/imurmurhash": {
            "version": "0.1.4",
            "resolved": "https://registry.npmjs.org/imurmurhash/-/imurmurhash-0.1.4.tgz",
            "integrity": "sha512-JmXMZ6wuvDmLiHEml9ykzqO6lwFbof0GG4IkcGaENdCRDDmMVnny7s5HsIgHCbaq0w2MyPhDqkhTUgS2LU2PHA==",
            "engines": {
                "node": ">=0.8.19"
            }
        },
        "node_modules/koekiemonster": {
            "version": "1.0.0",
            "resolved": "https://registry.npmjs.org/koekiemonster/-/koekiemonster-1.0.0.tgz",
            "integrity": "sha512-t+Xoz9e2SCbzKrNiRVlUKFrUEdqG/Zcz+9G9WMo2aCY0GMkdFQtEAwnVvCcjzparr63a6a2yQeqHZ/Aqjrlnog=="
        },
        "node_modules/koekje": {
            "version": "0.1.0",
            "resolved": "https://registry.npmjs.org/koekje/-/koekje-0.1.0.tgz",
            "integrity": "sha512-c99rwBm1e4brEd7hbvEIHcXF8tqGMqXPziiUVJqsEfNbrMcTDh0vE5+O1+MWzOzo83EjEf3hP73RP+sxRCYKXA==",
            "dependencies": {
                "koekiemonster": "1.0.x",
                "querystringify": "1.0.x"
            }
        },
        "node_modules/moment": {
            "version": "2.30.1",
            "resolved": "https://registry.npmjs.org/moment/-/moment-2.30.1.tgz",
            "integrity": "sha512-uEmtNhbDOrWPFS+hdjFCBfy9f2YoyzRpwcl+DqpC6taX21FzsTLQVbMV/W7PzNSX6x/bhC1zA3c2UQ5NzH6how==",
            "dev": true,
            "engines": {
                "node": "*"
            }
        },
        "node_modules/nanoid": {
            "version": "2.1.11",
            "resolved": "https://registry.npmjs.org/nanoid/-/nanoid-2.1.11.tgz",
            "integrity": "sha512-s/snB+WGm6uwi0WjsZdaVcuf3KJXlfGl2LcxgwkEwJF0D/BWzVWAZW/XY4bFaiR7s0Jk3FPvlnepg1H1b1UwlA==",
            "dev": true
        },
        "node_modules/node-fetch": {
            "version": "2.7.0",
            "resolved": "https://registry.npmjs.org/node-fetch/-/node-fetch-2.7.0.tgz",
            "integrity": "sha512-c4FRfUm/dbcWZ7U+1Wq0AwCyFL+3nt2bEw05wfxSz+DWpWsitgmSgYmy2dQdWyKC1694ELPqMs/YzUSNozLt8A==",
            "dependencies": {
                "whatwg-url": "^5.0.0"
            },
            "engines": {
                "node": "4.x || >=6.0.0"
            },
            "peerDependencies": {
                "encoding": "^0.1.0"
            },
            "peerDependenciesMeta": {
                "encoding": {
                    "optional": true
                }
            }
        },
        "node_modules/node-localstorage": {
            "version": "2.2.1",
            "resolved": "https://registry.npmjs.org/node-localstorage/-/node-localstorage-2.2.1.tgz",
            "integrity": "sha512-vv8fJuOUCCvSPjDjBLlMqYMHob4aGjkmrkaE42/mZr0VT+ZAU10jRF8oTnX9+pgU9/vYJ8P7YT3Vd6ajkmzSCw==",
            "dependencies": {
                "write-file-atomic": "^1.1.4"
            },
            "engines": {
                "node": ">=0.12"
            }
        },
        "node_modules/objstorage": {
            "version": "1.0.0",
            "resolved": "https://registry.npmjs.org/objstorage/-/objstorage-1.0.0.tgz",
            "integrity": "sha512-wBnDLmz20/Xv3USZbpiKxV3A1wAq1Ezl87yAZ9INSjqB/0+efNjSG9m6gq0dYPNB4yzobGdA/vkYQuxUJRjYVQ=="
        },
        "node_modules/objy": {
            "version": "0.7.228",
            "resolved": "https://registry.npmjs.org/objy/-/objy-0.7.228.tgz",
            "integrity": "sha512-LP8XeLQ1CDnvFhsM5yDFxdKZpjz+K+MbXjSl1jftcxAOzcb4xiKlHWhFOQOpRdGwAPf8cJ5IF30EyW2RRKWutA==",
            "dev": true,
            "dependencies": {
                "moment": "^2.24.0",
                "shortid": "^2.2.15"
            }
        },
        "node_modules/querystringify": {
            "version": "1.0.0",
            "resolved": "https://registry.npmjs.org/querystringify/-/querystringify-1.0.0.tgz",
            "integrity": "sha512-+WIW046/nhIni/mtczBDTctF309Ue0XfKIeF83eilLr4ollrimEqxzIG2DC0MUgvi40F4Rji4m6UhKENNsErtA=="
        },
        "node_modules/sessionstorage": {
            "version": "0.1.0",
            "resolved": "https://registry.npmjs.org/sessionstorage/-/sessionstorage-0.1.0.tgz",
            "integrity": "sha512-z0PrRunU4LRiP73qfXyynz9AZwBDVDmwEFDyA4GAETONnFewp5ZY0BY/1T31bR8XsVOXEtSPIS7BU+ecZhFmcQ==",
            "dependencies": {
                "koekje": "^0.1.0",
                "objstorage": "^1.0.0",
                "window.name": "^0.0.3"
            }
        },
        "node_modules/shortid": {
            "version": "2.2.16",
            "resolved": "https://registry.npmjs.org/shortid/-/shortid-2.2.16.tgz",
            "integrity": "sha512-Ugt+GIZqvGXCIItnsL+lvFJOiN7RYqlGy7QE41O3YC1xbNSeDGIRO7xg2JJXIAj1cAGnOeC1r7/T9pgrtQbv4g==",
            "deprecated": "Package no longer supported. Contact Support at https://www.npmjs.com/support for more info.",
            "dev": true,
            "dependencies": {
                "nanoid": "^2.1.0"
            }
        },
        "node_modules/slide": {
            "version": "1.1.6",
            "resolved": "https://registry.npmjs.org/slide/-/slide-1.1.6.tgz",
            "integrity": "sha512-NwrtjCg+lZoqhFU8fOwl4ay2ei8PaqCBOUV3/ektPY9trO1yQ1oXEfmHAhKArUVUr/hOHvy5f6AdP17dCM0zMw==",
            "engines": {
                "node": "*"
            }
        },
        "node_modules/tr46": {
            "version": "0.0.3",
            "resolved": "https://registry.npmjs.org/tr46/-/tr46-0.0.3.tgz",
            "integrity": "sha512-N3WMsuqV66lT30CrXNbEjx4GEwlow3v6rr4mCcv6prnfwhS01rkgyFdjPNBYd9br7LpXV1+Emh01fHnq2Gdgrw=="
        },
        "node_modules/webidl-conversions": {
            "version": "3.0.1",
            "resolved": "https://registry.npmjs.org/webidl-conversions/-/webidl-conversions-3.0.1.tgz",
            "integrity": "sha512-2JAn3z8AR6rjK8Sm8orRC0h/bcl/DqL7tRPdGZ4I1CjdF+EaMLmYxBHyXuKL849eucPFhvBoxMsflfOb8kxaeQ=="
        },
        "node_modules/whatwg-url": {
            "version": "5.0.0",
            "resolved": "https://registry.npmjs.org/whatwg-url/-/whatwg-url-5.0.0.tgz",
            "integrity": "sha512-saE57nupxk6v3HY35+jzBwYa0rKSy0XR8JSxZPwgLr7ys0IBzhGviA1/TUGJLmSVqs8pb9AnvICXEuOHLprYTw==",
            "dependencies": {
                "tr46": "~0.0.3",
                "webidl-conversions": "^3.0.0"
            }
        },
        "node_modules/window.name": {
            "version": "0.0.3",
            "resolved": "https://registry.npmjs.org/window.name/-/window.name-0.0.3.tgz",
            "integrity": "sha512-rO0MVNDs8w43LnIzxNOqF0l7ccR/RWF4W/vnFuDhLjjgXcOfpYtmJiL/iNFKR3SigzYHImDWwJDTbVdHRZCv5A==",
            "dependencies": {
                "querystringify": "0.0.x"
            }
        },
        "node_modules/window.name/node_modules/querystringify": {
            "version": "0.0.4",
            "resolved": "https://registry.npmjs.org/querystringify/-/querystringify-0.0.4.tgz",
            "integrity": "sha512-uSBVdZ68zn9oM4lnS1/7kxuh5+20iSaJiYq/+h75/u+dHapT2jhgGiSr11ewBr9cBjrdqlLLZw6BB2LJr9ritw=="
        },
        "node_modules/write-file-atomic": {
            "version": "1.3.4",
            "resolved": "https://registry.npmjs.org/write-file-atomic/-/write-file-atomic-1.3.4.tgz",
            "integrity": "sha512-SdrHoC/yVBPpV0Xq/mUZQIpW2sWXAShb/V4pomcJXh92RuaO+f3UTWItiR3Px+pLnV2PvC2/bfn5cwr5X6Vfxw==",
            "dependencies": {
                "graceful-fs": "^4.1.11",
                "imurmurhash": "^0.1.4",
                "slide": "^1.1.5"
            }
        }
    }
}
